
Microsoft Visual Studio Solution File, Format Version 12.00
# Visual Studio Version 17
VisualStudioVersion = 17.4.33213.308
MinimumVisualStudioVersion = 10.0.40219.1
Project("{FAE04EC0-301F-11D3-BF4B-00C04F79EFBC}") = "mvcLab1", "mvcLab1.csproj", "{6DD84C12-3F20-4882-B145-6F590F8BA356}"
EndProject
Global
	GlobalSection(SolutionConfigurationPlatforms) = preSolution
		Debug|Any CPU = Debug|Any CPU
		Release|Any CPU = Release|Any CPU
	EndGlobalSection
	GlobalSection(ProjectConfigurationPlatforms) = postSolution
		{6DD84C12-3F20-4882-B145-6F590F8BA356}.Debug|Any CPU.ActiveCfg = Debug|Any CPU
		{6DD84C12-3F20-4882-B145-6F590F8BA356}.Debug|Any CPU.Build.0 = Debug|Any CPU
		{6DD84C12-3F20-4882-B145-6F590F8BA356}.Release|Any CPU.ActiveCfg = Release|Any CPU
		{6DD84C12-3F20-4882-B145-6F590F8BA356}.Release|Any CPU.Build.0 = Release|Any CPU
	EndGlobalSection
	GlobalSection(SolutionProperties) = preSolution
		HideSolutionNode = FALSE
	EndGlobalSection
	GlobalSection(ExtensibilityGlobals) = postSolution
		SolutionGuid = {A9EE6569-CFFD-4AD3-AC91-FE2E6F81A49D}
	EndGlobalSection
EndGlobal
